
Microsoft Visual Studio Solution File, Format Version 12.00
# Visual Studio Version 18
VisualStudioVersion = 18.1.11312.151 d18.0
MinimumVisualStudioVersion = 10.0.40219.1
Project("{2150E333-8FDC-42A3-9474-1A3956D46DE8}") = "src", "src", "{827E0CD3-B72D-47B6-A68D-7590B98EB39B}"
EndProject
Project("{FAE04EC0-301F-11D3-BF4B-00C04F79EFBC}") = "Umbraco.Community.VersionIndicator", "src\Umbraco.Community.VersionIndicator\Umbraco.Community.VersionIndicator.csproj", "{8C79E4DA-D585-4DCE-8F7B-B1D29F90938F}"
EndProject
Project("{FAE04EC0-301F-11D3-BF4B-00C04F79EFBC}") = "Umbraco.Community.VersionIndicator.Assets", "src\Umbraco.Community.VersionIndicator.Assets\Umbraco.Community.VersionIndicator.Assets.csproj", "{9602585A-5A8C-4B16-9D35-6EF124B57666}"
EndProject
Project("{2150E333-8FDC-42A3-9474-1A3956D46DE8}") = "examples", "examples", "{B36A84DF-456D-A817-6EDD-3EC3E7F6E11F}"
EndProject
Project("{FAE04EC0-301F-11D3-BF4B-00C04F79EFBC}") = "Umbraco.Community.VersionIndicator.Site.17.x", "examples\Umbraco.Community.VersionIndicator.Site.17.x\Umbraco.Community.VersionIndicator.Site.17.x.csproj", "{98DD8BE2-D5EB-4EBD-8761-CDE8C0352492}"
EndProject
Project("{2150E333-8FDC-42A3-9474-1A3956D46DE8}") = "tests", "tests", "{0AB3BF05-4346-4AA6-1389-037BE0695223}"
EndProject
Project("{FAE04EC0-301F-11D3-BF4B-00C04F79EFBC}") = "Umbraco.Community.VersionIndicator.Tests", "tests\Umbraco.Community.VersionIndicator.Tests\Umbraco.Community.VersionIndicator.Tests.csproj", "{EB570F40-F036-4CD1-89A5-32F956F63CB7}"
EndProject
Global
	GlobalSection(SolutionConfigurationPlatforms) = preSolution
		Debug|Any CPU = Debug|Any CPU
		Debug|x64 = Debug|x64
		Debug|x86 = Debug|x86
		Release|Any CPU = Release|Any CPU
		Release|x64 = Release|x64
		Release|x86 = Release|x86
	EndGlobalSection
	GlobalSection(ProjectConfigurationPlatforms) = postSolution
		{8C79E4DA-D585-4DCE-8F7B-B1D29F90938F}.Debug|Any CPU.ActiveCfg = Debug|Any CPU
		{8C79E4DA-D585-4DCE-8F7B-B1D29F90938F}.Debug|Any CPU.Build.0 = Debug|Any CPU
		{8C79E4DA-D585-4DCE-8F7B-B1D29F90938F}.Debug|x64.ActiveCfg = Debug|Any CPU
		{8C79E4DA-D585-4DCE-8F7B-B1D29F90938F}.Debug|x64.Build.0 = Debug|Any CPU
		{8C79E4DA-D585-4DCE-8F7B-B1D29F90938F}.Debug|x86.ActiveCfg = Debug|Any CPU
		{8C79E4DA-D585-4DCE-8F7B-B1D29F90938F}.Debug|x86.Build.0 = Debug|Any CPU
		{8C79E4DA-D585-4DCE-8F7B-B1D29F90938F}.Release|Any CPU.ActiveCfg = Release|Any CPU
		{8C79E4DA-D585-4DCE-8F7B-B1D29F90938F}.Release|Any CPU.Build.0 = Release|Any CPU
		{8C79E4DA-D585-4DCE-8F7B-B1D29F90938F}.Release|x64.ActiveCfg = Release|Any CPU
		{8C79E4DA-D585-4DCE-8F7B-B1D29F90938F}.Release|x64.Build.0 = Release|Any CPU
		{8C79E4DA-D585-4DCE-8F7B-B1D29F90938F}.Release|x86.ActiveCfg = Release|Any CPU
		{8C79E4DA-D585-4DCE-8F7B-B1D29F90938F}.Release|x86.Build.0 = Release|Any CPU
		{9602585A-5A8C-4B16-9D35-6EF124B57666}.Debug|Any CPU.ActiveCfg = Debug|Any CPU
		{9602585A-5A8C-4B16-9D35-6EF124B57666}.Debug|Any CPU.Build.0 = Debug|Any CPU
		{9602585A-5A8C-4B16-9D35-6EF124B57666}.Debug|x64.ActiveCfg = Debug|Any CPU
		{9602585A-5A8C-4B16-9D35-6EF124B57666}.Debug|x64.Build.0 = Debug|Any CPU
		{9602585A-5A8C-4B16-9D35-6EF124B57666}.Debug|x86.ActiveCfg = Debug|Any CPU
		{9602585A-5A8C-4B16-9D35-6EF124B57666}.Debug|x86.Build.0 = Debug|Any CPU
		{9602585A-5A8C-4B16-9D35-6EF124B57666}.Release|Any CPU.ActiveCfg = Release|Any CPU
		{9602585A-5A8C-4B16-9D35-6EF124B57666}.Release|Any CPU.Build.0 = Release|Any CPU
		{9602585A-5A8C-4B16-9D35-6EF124B57666}.Release|x64.ActiveCfg = Release|Any CPU
		{9602585A-5A8C-4B16-9D35-6EF124B57666}.Release|x64.Build.0 = Release|Any CPU
		{9602585A-5A8C-4B16-9D35-6EF124B57666}.Release|x86.ActiveCfg = Release|Any CPU
		{9602585A-5A8C-4B16-9D35-6EF124B57666}.Release|x86.Build.0 = Release|Any CPU
		{98DD8BE2-D5EB-4EBD-8761-CDE8C0352492}.Debug|Any CPU.ActiveCfg = Debug|Any CPU
		{98DD8BE2-D5EB-4EBD-8761-CDE8C0352492}.Debug|Any CPU.Build.0 = Debug|Any CPU
		{98DD8BE2-D5EB-4EBD-8761-CDE8C0352492}.Debug|x64.ActiveCfg = Debug|Any CPU
		{98DD8BE2-D5EB-4EBD-8761-CDE8C0352492}.Debug|x64.Build.0 = Debug|Any CPU
		{98DD8BE2-D5EB-4EBD-8761-CDE8C0352492}.Debug|x86.ActiveCfg = Debug|Any CPU
		{98DD8BE2-D5EB-4EBD-8761-CDE8C0352492}.Debug|x86.Build.0 = Debug|Any CPU
		{98DD8BE2-D5EB-4EBD-8761-CDE8C0352492}.Release|Any CPU.ActiveCfg = Release|Any CPU
		{98DD8BE2-D5EB-4EBD-8761-CDE8C0352492}.Release|Any CPU.Build.0 = Release|Any CPU
		{98DD8BE2-D5EB-4EBD-8761-CDE8C0352492}.Release|x64.ActiveCfg = Release|Any CPU
		{98DD8BE2-D5EB-4EBD-8761-CDE8C0352492}.Release|x64.Build.0 = Release|Any CPU
		{98DD8BE2-D5EB-4EBD-8761-CDE8C0352492}.Release|x86.ActiveCfg = Release|Any CPU
		{98DD8BE2-D5EB-4EBD-8761-CDE8C0352492}.Release|x86.Build.0 = Release|Any CPU
		{EB570F40-F036-4CD1-89A5-32F956F63CB7}.Debug|Any CPU.ActiveCfg = Debug|Any CPU
		{EB570F40-F036-4CD1-89A5-32F956F63CB7}.Debug|Any CPU.Build.0 = Debug|Any CPU
		{EB570F40-F036-4CD1-89A5-32F956F63CB7}.Debug|x64.ActiveCfg = Debug|Any CPU
		{EB570F40-F036-4CD1-89A5-32F956F63CB7}.Debug|x64.Build.0 = Debug|Any CPU
		{EB570F40-F036-4CD1-89A5-32F956F63CB7}.Debug|x86.ActiveCfg = Debug|Any CPU
		{EB570F40-F036-4CD1-89A5-32F956F63CB7}.Debug|x86.Build.0 = Debug|Any CPU
		{EB570F40-F036-4CD1-89A5-32F956F63CB7}.Release|Any CPU.ActiveCfg = Release|Any CPU
		{EB570F40-F036-4CD1-89A5-32F956F63CB7}.Release|Any CPU.Build.0 = Release|Any CPU
		{EB570F40-F036-4CD1-89A5-32F956F63CB7}.Release|x64.ActiveCfg = Release|Any CPU
		{EB570F40-F036-4CD1-89A5-32F956F63CB7}.Release|x64.Build.0 = Release|Any CPU
		{EB570F40-F036-4CD1-89A5-32F956F63CB7}.Release|x86.ActiveCfg = Release|Any CPU
		{EB570F40-F036-4CD1-89A5-32F956F63CB7}.Release|x86.Build.0 = Release|Any CPU
	EndGlobalSection
	GlobalSection(SolutionProperties) = preSolution
		HideSolutionNode = FALSE
	EndGlobalSection
	GlobalSection(NestedProjects) = preSolution
		{8C79E4DA-D585-4DCE-8F7B-B1D29F90938F} = {827E0CD3-B72D-47B6-A68D-7590B98EB39B}
		{9602585A-5A8C-4B16-9D35-6EF124B57666} = {827E0CD3-B72D-47B6-A68D-7590B98EB39B}
		{98DD8BE2-D5EB-4EBD-8761-CDE8C0352492} = {B36A84DF-456D-A817-6EDD-3EC3E7F6E11F}
		{EB570F40-F036-4CD1-89A5-32F956F63CB7} = {0AB3BF05-4346-4AA6-1389-037BE0695223}
	EndGlobalSection
	GlobalSection(ExtensibilityGlobals) = postSolution
		SolutionGuid = {5550224C-97F2-4652-8912-18DF2C4926C7}
	EndGlobalSection
EndGlobal
